
Microsoft Visual Studio Solution File, Format Version 12.00
# Visual Studio Version 16
VisualStudioVersion = 16.0.31005.135
MinimumVisualStudioVersion = 10.0.40219.1
Project("{FAE04EC0-301F-11D3-BF4B-00C04F79EFBC}") = "teeth", "teeth\teeth.csproj", "{3144D7A6-3A8F-446F-BCBF-9DF6B3099434}"
EndProject
Global
	GlobalSection(SolutionConfigurationPlatforms) = preSolution
		Debug|Any CPU = Debug|Any CPU
		Release|Any CPU = Release|Any CPU
	EndGlobalSection
	GlobalSection(ProjectConfigurationPlatforms) = postSolution
		{3144D7A6-3A8F-446F-BCBF-9DF6B3099434}.Debug|Any CPU.ActiveCfg = Debug|Any CPU
		{3144D7A6-3A8F-446F-BCBF-9DF6B3099434}.Debug|Any CPU.Build.0 = Debug|Any CPU
		{3144D7A6-3A8F-446F-BCBF-9DF6B3099434}.Release|Any CPU.ActiveCfg = Release|Any CPU
		{3144D7A6-3A8F-446F-BCBF-9DF6B3099434}.Release|Any CPU.Build.0 = Release|Any CPU
	EndGlobalSection
	GlobalSection(SolutionProperties) = preSolution
		HideSolutionNode = FALSE
	EndGlobalSection
	GlobalSection(ExtensibilityGlobals) = postSolution
		SolutionGuid = {8669495C-3712-4D1C-BCE3-DE8B91817875}
	EndGlobalSection
EndGlobal
